
Microsoft Visual Studio Solution File, Format Version 12.00
# Visual Studio Version 16
VisualStudioVersion = 25.0.1706.4
MinimumVisualStudioVersion = 10.0.40219.1
Project("{FAE04EC0-301F-11D3-BF4B-00C04F79EFBC}") = "matrix-symbol", "matrix-symbol\matrix-symbol.csproj", "{46D2399A-8174-4943-9B63-1380C3E798FD}"
EndProject
Global
	GlobalSection(SolutionConfigurationPlatforms) = preSolution
		Debug|Any CPU = Debug|Any CPU
		Release|Any CPU = Release|Any CPU
	EndGlobalSection
	GlobalSection(ProjectConfigurationPlatforms) = postSolution
		{46D2399A-8174-4943-9B63-1380C3E798FD}.Debug|Any CPU.ActiveCfg = Debug|Any CPU
		{46D2399A-8174-4943-9B63-1380C3E798FD}.Debug|Any CPU.Build.0 = Debug|Any CPU
		{46D2399A-8174-4943-9B63-1380C3E798FD}.Release|Any CPU.ActiveCfg = Release|Any CPU
		{46D2399A-8174-4943-9B63-1380C3E798FD}.Release|Any CPU.Build.0 = Release|Any CPU
	EndGlobalSection
	GlobalSection(SolutionProperties) = preSolution
		HideSolutionNode = FALSE
	EndGlobalSection
	GlobalSection(ExtensibilityGlobals) = postSolution
		SolutionGuid = {670FFFBD-3821-4023-8637-22A0DCB7CA9F}
	EndGlobalSection
EndGlobal
